sdk: ^2.0.0-alpha.121
prefixes:
  certificate_roots: toit-cert-roots
  color_tft: toit-color-tft
  http: pkg-http
  ntp: pkg-ntp
  pixel_display: ../toitware/toit-pixel-display
  roboto: toit-font-google-100dpi-roboto
  solar_position: toit-solar-position
  weather_icons: toit-weather-icons
packages:
  ../toitware/toit-pixel-display:
    path: ../../../toitware/toit-pixel-display
    prefixes:
      png-tools: toit-png-tools
  pkg-http:
    path: ../../../toitlang/pkg-http
  pkg-ntp:
    url: github.com/toitlang/pkg-ntp
    name: ntp
    version: 1.0.0
    hash: 1c3cc4a4819f459393f00efc576f66f838665719
  toit-cert-roots:
    url: github.com/toitware/toit-cert-roots
    name: certificate_roots
    version: 1.6.1
    hash: 55d3be82ed53d8d332338b2de931865cf69fe48b
  toit-color-tft:
    url: github.com/toitware/toit-color-tft
    name: color_tft
    version: 2.0.0
    hash: 2ecc8af8a66f2c8a1c672f14bc49ad0be380731a
    prefixes:
      pixel_display: ../toitware/toit-pixel-display
  toit-font-google-100dpi-roboto:
    url: github.com/toitware/toit-font-google-100dpi-roboto
    name: roboto
    version: 1.2.0
    hash: 73385f548737c998ee675cb9296643676c9f5c9b
  toit-png-tools:
    url: github.com/toitware/toit-png-tools
    name: png-tools
    version: 1.0.0
    hash: ee472ac9d4333a138206f9d3a817d3c5432d6f87
  toit-solar-position:
    url: github.com/toitware/toit-solar-position
    name: solar_position
    version: 0.0.3
    hash: 82c796ae33d0fc7448f0beb4e485485d093e4e29
  toit-weather-icons:
    path: ../../../toitlang/toit-weather-icons
    prefixes:
      png-tools: toit-png-tools
